
Microsoft Visual Studio Solution File, Format Version 12.00
Project("{FAE04EC0-301F-11D3-BF4B-00C04F79EFBC}") = "AdventOfCode2023Day8Tests", "AdventOfCode2023Day8Tests\AdventOfCode2023Day8Tests.csproj", "{B8F9F016-0FEF-4B4B-AB31-7CD0400C4618}"
EndProject
Project("{FAE04EC0-301F-11D3-BF4B-00C04F79EFBC}") = "AdventOfCode2023Day8", "AdventOfCode2023Day8\AdventOfCode2023Day8.csproj", "{C833990F-523E-4C53-A966-FE153AB5BB72}"
EndProject
Global
	GlobalSection(SolutionConfigurationPlatforms) = preSolution
		Debug|Any CPU = Debug|Any CPU
		Release|Any CPU = Release|Any CPU
	EndGlobalSection
	GlobalSection(ProjectConfigurationPlatforms) = postSolution
		{B8F9F016-0FEF-4B4B-AB31-7CD0400C4618}.Debug|Any CPU.ActiveCfg = Debug|Any CPU
		{B8F9F016-0FEF-4B4B-AB31-7CD0400C4618}.Debug|Any CPU.Build.0 = Debug|Any CPU
		{B8F9F016-0FEF-4B4B-AB31-7CD0400C4618}.Release|Any CPU.ActiveCfg = Release|Any CPU
		{B8F9F016-0FEF-4B4B-AB31-7CD0400C4618}.Release|Any CPU.Build.0 = Release|Any CPU
		{C833990F-523E-4C53-A966-FE153AB5BB72}.Debug|Any CPU.ActiveCfg = Debug|Any CPU
		{C833990F-523E-4C53-A966-FE153AB5BB72}.Debug|Any CPU.Build.0 = Debug|Any CPU
		{C833990F-523E-4C53-A966-FE153AB5BB72}.Release|Any CPU.ActiveCfg = Release|Any CPU
		{C833990F-523E-4C53-A966-FE153AB5BB72}.Release|Any CPU.Build.0 = Release|Any CPU
	EndGlobalSection
EndGlobal
